// !$*UTF8*$!
{
	archiveVersion = 1;
	classes = {
	};
	objectVersion = 48;
	objects = {

/* Begin PBXBuildFile section */
		4B70408F5585532A4C1BA78C /* Pods_MLSExcelViewDemo.framework in Frameworks */ = {isa = PBXBuildFile; fileRef = C3C3D489E9D28C5F9628AD1C /* Pods_MLSExcelViewDemo.framework */; };
		F3C7C1D91FE0D10F0018CE70 /* AppDelegate.m in Sources */ = {isa = PBXBuildFile; fileRef = F3C7C1D81FE0D10F0018CE70 /* AppDelegate.m */; };
		F3C7C1DC1FE0D10F0018CE70 /* ViewController.m in Sources */ = {isa = PBXBuildFile; fileRef = F3C7C1DB1FE0D10F0018CE70 /* ViewController.m */; };
		F3C7C1DF1FE0D10F0018CE70 /* Main.storyboard in Resources */ = {isa = PBXBuildFile; fileRef = F3C7C1DD1FE0D10F0018CE70 /* Main.storyboard */; };
		F3C7C1E11FE0D10F0018CE70 /* Assets.xcassets in Resources */ = {isa = PBXBuildFile; fileRef = F3C7C1E01FE0D10F0018CE70 /* Assets.xcassets */; };
		F3C7C1E41FE0D10F0018CE70 /* LaunchScreen.storyboard in Resources */ = {isa = PBXBuildFile; fileRef = F3C7C1E21FE0D10F0018CE70 /* LaunchScreen.storyboard */; };
		F3C7C1E71FE0D10F0018CE70 /* main.m in Sources */ = {isa = PBXBuildFile; fileRef = F3C7C1E61FE0D10F0018CE70 /* main.m */; };
/* End PBXBuildFile section */

/* Begin PBXFileReference section */
		5E28677F4C76197B7A1C936C /* Pods-MLSExcelViewDemo.debug.xcconfig */ = {isa = PBXFileReference; includeInIndex = 1; lastKnownFileType = text.xcconfig; name = "Pods-MLSExcelViewDemo.debug.xcconfig"; path = "Pods/Target Support Files/Pods-MLSExcelViewDemo/Pods-MLSExcelViewDemo.debug.xcconfig"; sourceTree = "<group>"; };
		C3C3D489E9D28C5F9628AD1C /* Pods_MLSExcelViewDemo.framework */ = {isa = PBXFileReference; explicitFileType = wrapper.framework; includeInIndex = 0; path = Pods_MLSExcelViewDemo.framework; sourceTree = BUILT_PRODUCTS_DIR; };
		E926815D8EC8F808BB468ED9 /* Pods-MLSExcelViewDemo.release.xcconfig */ = {isa = PBXFileReference; includeInIndex = 1; lastKnownFileType = text.xcconfig; name = "Pods-MLSExcelViewDemo.release.xcconfig"; path = "Pods/Target Support Files/Pods-MLSExcelViewDemo/Pods-MLSExcelViewDemo.release.xcconfig"; sourceTree = "<group>"; };
		F3C7C1D41FE0D10F0018CE70 /* MLSExcelViewDemo.app */ = {isa = PBXFileReference; explicitFileType = wrapper.application; includeInIndex = 0; path = MLSExcelViewDemo.app; sourceTree = BUILT_PRODUCTS_DIR; };
		F3C7C1D71FE0D10F0018CE70 /* AppDelegate.h */ = {isa = PBXFileReference; lastKnownFileType = sourcecode.c.h; path = AppDelegate.h; sourceTree = "<group>"; };
		F3C7C1D81FE0D10F0018CE70 /* AppDelegate.m */ = {isa = PBXFileReference; lastKnownFileType = sourcecode.c.objc; path = AppDelegate.m; sourceTree = "<group>"; };
		F3C7C1DA1FE0D10F0018CE70 /* ViewController.h */ = {isa = PBXFileReference; lastKnownFileType = sourcecode.c.h; path = ViewController.h; sourceTree = "<group>"; };
		F3C7C1DB1FE0D10F0018CE70 /* ViewController.m */ = {isa = PBXFileReference; lastKnownFileType = sourcecode.c.objc; path = ViewController.m; sourceTree = "<group>"; };
		F3C7C1DE1FE0D10F0018CE70 /* Base */ = {isa = PBXFileReference; lastKnownFileType = file.storyboard; name = Base; path = Base.lproj/Main.storyboard; sourceTree = "<group>"; };
		F3C7C1E01FE0D10F0018CE70 /* Assets.xcassets */ = {isa = PBXFileReference; lastKnownFileType = folder.assetcatalog; path = Assets.xcassets; sourceTree = "<group>"; };
		F3C7C1E31FE0D10F0018CE70 /* Base */ = {isa = PBXFileReference; lastKnownFileType = file.storyboard; name = Base; path = Base.lproj/LaunchScreen.storyboard; sourceTree = "<group>"; };
		F3C7C1E51FE0D10F0018CE70 /* Info.plist */ = {isa = PBXFileReference; lastKnownFileType = text.plist.xml; path = Info.plist; sourceTree = "<group>"; };
		F3C7C1E61FE0D10F0018CE70 /* main.m */ = {isa = PBXFileReference; lastKnownFileType = sourcecode.c.objc; path = main.m; sourceTree = "<group>"; };
/* End PBXFileReference section */

/* Begin PBXFrameworksBuildPhase section */
		F3C7C1D11FE0D10F0018CE70 /* Frameworks */ = {
			isa = PBXFrameworksBuildPhase;
			buildActionMask = 2147483647;
			files = (
				4B70408F5585532A4C1BA78C /* Pods_MLSExcelViewDemo.framework in Frameworks */,
			);
			runOnlyForDeploymentPostprocessing = 0;
		};
/* End PBXFrameworksBuildPhase section */

/* Begin PBXGroup section */
		AB459C3147346D18C451E0C8 /* Pods */ = {
			isa = PBXGroup;
			children = (
				5E28677F4C76197B7A1C936C /* Pods-MLSExcelViewDemo.debug.xcconfig */,
				E926815D8EC8F808BB468ED9 /* Pods-MLSExcelViewDemo.release.xcconfig */,
			);
			name = Pods;
			sourceTree = "<group>";
		};
		C4EB60E6EAB6216E7A9E3238 /* Frameworks */ = {
			isa = PBXGroup;
			children = (
				C3C3D489E9D28C5F9628AD1C /* Pods_MLSExcelViewDemo.framework */,
			);
			name = Frameworks;
			sourceTree = "<group>";
		};
		F3C7C1CB1FE0D10E0018CE70 = {
			isa = PBXGroup;
			children = (
				F3C7C1D61FE0D10F0018CE70 /* MLSExcelViewDemo */,
				F3C7C1D51FE0D10F0018CE70 /* Products */,
				AB459C3147346D18C451E0C8 /* Pods */,
				C4EB60E6EAB6216E7A9E3238 /* Frameworks */,
			);
			indentWidth = 8;
			sourceTree = "<group>";
			tabWidth = 8;
		};
		F3C7C1D51FE0D10F0018CE70 /* Products */ = {
			isa = PBXGroup;
			children = (
				F3C7C1D41FE0D10F0018CE70 /* MLSExcelViewDemo.app */,
			);
			name = Products;
			sourceTree = "<group>";
		};
		F3C7C1D61FE0D10F0018CE70 /* MLSExcelViewDemo */ = {
			isa = PBXGroup;
			children = (
				F3C7C1D71FE0D10F0018CE70 /* AppDelegate.h */,
				F3C7C1D81FE0D10F0018CE70 /* AppDelegate.m */,
				F3C7C1DA1FE0D10F0018CE70 /* ViewController.h */,
				F3C7C1DB1FE0D10F0018CE70 /* ViewController.m */,
				F3C7C1DD1FE0D10F0018CE70 /* Main.storyboard */,
				F3C7C1E01FE0D10F0018CE70 /* Assets.xcassets */,
				F3C7C1E21FE0D10F0018CE70 /* LaunchScreen.storyboard */,
				F3C7C1E51FE0D10F0018CE70 /* Info.plist */,
				F3C7C1E61FE0D10F0018CE70 /* main.m */,
			);
			path = MLSExcelViewDemo;
			sourceTree = "<group>";
		};
/* End PBXGroup section */

/* Begin PBXNativeTarget section */
		F3C7C1D31FE0D10F0018CE70 /* MLSExcelViewDemo */ = {
			isa = PBXNativeTarget;
			buildConfigurationList = F3C7C1EA1FE0D10F0018CE70 /* Build configuration list for PBXNativeTarget "MLSExcelViewDemo" */;
			buildPhases = (
				95305328CA29FC0C1EF9C72B /* [CP] Check Pods Manifest.lock */,
				F3C7C1D01FE0D10F0018CE70 /* Sources */,
				F3C7C1D11FE0D10F0018CE70 /* Frameworks */,
				F3C7C1D21FE0D10F0018CE70 /* Resources */,
				44865ABDDF94CE452729ECBF /* [CP] Embed Pods Frameworks */,
				AAF6BD3B23E608886D88717B /* [CP] Copy Pods Resources */,
			);
			buildRules = (
			);
			dependencies = (
			);
			name = MLSExcelViewDemo;
			productName = MLSExcelViewDemo;
			productReference = F3C7C1D41FE0D10F0018CE70 /* MLSExcelViewDemo.app */;
			productType = "com.apple.product-type.application";
		};
/* End PBXNativeTarget section */

/* Begin PBXProject section */
		F3C7C1CC1FE0D10E0018CE70 /* Project object */ = {
			isa = PBXProject;
			attributes = {
				LastUpgradeCheck = 0910;
				ORGANIZATIONNAME = minlison;
				TargetAttributes = {
					F3C7C1D31FE0D10F0018CE70 = {
						CreatedOnToolsVersion = 9.1;
						ProvisioningStyle = Manual;
					};
				};
			};
			buildConfigurationList = F3C7C1CF1FE0D10E0018CE70 /* Build configuration list for PBXProject "MLSExcelViewDemo" */;
			compatibilityVersion = "Xcode 8.0";
			developmentRegion = en;
			hasScannedForEncodings = 0;
			knownRegions = (
				en,
				Base,
			);
			mainGroup = F3C7C1CB1FE0D10E0018CE70;
			productRefGroup = F3C7C1D51FE0D10F0018CE70 /* Products */;
			projectDirPath = "";
			projectRoot = "";
			targets = (
				F3C7C1D31FE0D10F0018CE70 /* MLSExcelViewDemo */,
			);
		};
/* End PBXProject section */

/* Begin PBXResourcesBuildPhase section */
		F3C7C1D21FE0D10F0018CE70 /* Resources */ = {
			isa = PBXResourcesBuildPhase;
			buildActionMask = 2147483647;
			files = (
				F3C7C1E41FE0D10F0018CE70 /* LaunchScreen.storyboard in Resources */,
				F3C7C1E11FE0D10F0018CE70 /* Assets.xcassets in Resources */,
				F3C7C1DF1FE0D10F0018CE70 /* Main.storyboard in Resources */,
			);
			runOnlyForDeploymentPostprocessing = 0;
		};
/* End PBXResourcesBuildPhase section */

/* Begin PBXShellScriptBuildPhase section */
		44865ABDDF94CE452729ECBF /* [CP] Embed Pods Frameworks */ = {
			isa = PBXShellScriptBuildPhase;
			buildActionMask = 2147483647;
			files = (
			);
			inputPaths = (
			);
			name = "[CP] Embed Pods Frameworks";
			outputPaths = (
			);
			runOnlyForDeploymentPostprocessing = 0;
			shellPath = /bin/sh;
			shellScript = "\"${SRCROOT}/Pods/Target Support Files/Pods-MLSExcelViewDemo/Pods-MLSExcelViewDemo-frameworks.sh\"\n";
			showEnvVarsInLog = 0;
		};
		95305328CA29FC0C1EF9C72B /* [CP] Check Pods Manifest.lock */ = {
			isa = PBXShellScriptBuildPhase;
			buildActionMask = 2147483647;
			files = (
			);
			inputPaths = (
			);
			name = "[CP] Check Pods Manifest.lock";
			outputPaths = (
			);
			runOnlyForDeploymentPostprocessing = 0;
			shellPath = /bin/sh;
			shellScript = "diff \"${PODS_PODFILE_DIR_PATH}/Podfile.lock\" \"${PODS_ROOT}/Manifest.lock\" > /dev/null\nif [ $? != 0 ] ; then\n    # print error to STDERR\n    echo \"error: The sandbox is not in sync with the Podfile.lock. Run 'pod install' or update your CocoaPods installation.\" >&2\n    exit 1\nfi\n";
			showEnvVarsInLog = 0;
		};
		AAF6BD3B23E608886D88717B /* [CP] Copy Pods Resources */ = {
			isa = PBXShellScriptBuildPhase;
			buildActionMask = 2147483647;
			files = (
			);
			inputPaths = (
			);
			name = "[CP] Copy Pods Resources";
			outputPaths = (
			);
			runOnlyForDeploymentPostprocessing = 0;
			shellPath = /bin/sh;
			shellScript = "\"${SRCROOT}/Pods/Target Support Files/Pods-MLSExcelViewDemo/Pods-MLSExcelViewDemo-resources.sh\"\n";
			showEnvVarsInLog = 0;
		};
/* End PBXShellScriptBuildPhase section */

/* Begin PBXSourcesBuildPhase section */
		F3C7C1D01FE0D10F0018CE70 /* Sources */ = {
			isa = PBXSourcesBuildPhase;
			buildActionMask = 2147483647;
			files = (
				F3C7C1DC1FE0D10F0018CE70 /* ViewController.m in Sources */,
				F3C7C1E71FE0D10F0018CE70 /* main.m in Sources */,
				F3C7C1D91FE0D10F0018CE70 /* AppDelegate.m in Sources */,
			);
			runOnlyForDeploymentPostprocessing = 0;
		};
/* End PBXSourcesBuildPhase section */

/* Begin PBXVariantGroup section */
		F3C7C1DD1FE0D10F0018CE70 /* Main.storyboard */ = {
			isa = PBXVariantGroup;
			children = (
				F3C7C1DE1FE0D10F0018CE70 /* Base */,
			);
			name = Main.storyboard;
			sourceTree = "<group>";
		};
		F3C7C1E21FE0D10F0018CE70 /* LaunchScreen.storyboard */ = {
			isa = PBXVariantGroup;
			children = (
				F3C7C1E31FE0D10F0018CE70 /* Base */,
			);
			name = LaunchScreen.storyboard;
			sourceTree = "<group>";
		};
/* End PBXVariantGroup section */

/* Begin XCBuildConfiguration section */
		F3C7C1E81FE0D10F0018CE70 /* Debug */ = {
			isa = XCBuildConfiguration;
			buildSettings = {
				ALWAYS_SEARCH_USER_PATHS = NO;
				CLANG_ANALYZER_NONNULL = YES;
				CLANG_ANALYZER_NUMBER_OBJECT_CONVERSION = YES_AGGRESSIVE;
				CLANG_CXX_LANGUAGE_STANDARD = "gnu++14";
				CLANG_CXX_LIBRARY = "libc++";
				CLANG_ENABLE_MODULES = YES;
				CLANG_ENABLE_OBJC_ARC = YES;
				CLANG_WARN_BLOCK_CAPTURE_AUTORELEASING = YES;
				CLANG_WARN_BOOL_CONVERSION = YES;
				CLANG_WARN_COMMA = YES;
				CLANG_WARN_CONSTANT_CONVERSION = YES;
				CLANG_WARN_DIRECT_OBJC_ISA_USAGE = YES_ERROR;
				CLANG_WARN_DOCUMENTATION_COMMENTS = YES;
				CLANG_WARN_EMPTY_BODY = YES;
				CLANG_WARN_ENUM_CONVERSION = YES;
				CLANG_WARN_INFINITE_RECURSION = YES;
				CLANG_WARN_INT_CONVERSION = YES;
				CLANG_WARN_NON_LITERAL_NULL_CONVERSION = YES;
				CLANG_WARN_OBJC_LITERAL_CONVERSION = YES;
				CLANG_WARN_OBJC_ROOT_CLASS = YES_ERROR;
				CLANG_WARN_RANGE_LOOP_ANALYSIS = YES;
				CLANG_WARN_STRICT_PROTOTYPES = YES;
				CLANG_WARN_SUSPICIOUS_MOVE = YES;
				CLANG_WARN_UNGUARDED_AVAILABILITY = YES_AGGRESSIVE;
				CLANG_WARN_UNREACHABLE_CODE = YES;
				CLANG_WARN__DUPLICATE_METHOD_MATCH = YES;
				CODE_SIGN_IDENTITY = "iPhone Developer";
				COPY_PHASE_STRIP = NO;
				DEBUG_INFORMATION_FORMAT = dwarf;
				ENABLE_STRICT_OBJC_MSGSEND = YES;
				ENABLE_TESTABILITY = YES;
				GCC_C_LANGUAGE_STANDARD = gnu11;
				GCC_DYNAMIC_NO_PIC = NO;
				GCC_NO_COMMON_BLOCKS = YES;
				GCC_OPTIMIZATION_LEVEL = 0;
				GCC_PREPROCESSOR_DEFINITIONS = (
					"DEBUG=1",
					"$(inherited)",
				);
				GCC_WARN_64_TO_32_BIT_CONVERSION = YES;
				GCC_WARN_ABOUT_RETURN_TYPE = YES_ERROR;
				GCC_WARN_UNDECLARED_SELECTOR = YES;
				GCC_WARN_UNINITIALIZED_AUTOS = YES_AGGRESSIVE;
				GCC_WARN_UNUSED_FUNCTION = YES;
				GCC_WARN_UNUSED_VARIABLE = YES;
				IPHONEOS_DEPLOYMENT_TARGET = 10.0;
				MTL_ENABLE_DEBUG_INFO = YES;
				ONLY_ACTIVE_ARCH = YES;
				SDKROOT = iphoneos;
			};
			name = Debug;
		};
		F3C7C1E91FE0D10F0018CE70 /* Release */ = {
			isa = XCBuildConfiguration;
			buildSettings = {
				ALWAYS_SEARCH_USER_PATHS = NO;
				CLANG_ANALYZER_NONNULL = YES;
				CLANG_ANALYZER_NUMBER_OBJECT_CONVERSION = YES_AGGRESSIVE;
				CLANG_CXX_LANGUAGE_STANDARD = "gnu++14";
				CLANG_CXX_LIBRARY = "libc++";
				CLANG_ENABLE_MODULES = YES;
				CLANG_ENABLE_OBJC_ARC = YES;
				CLANG_WARN_BLOCK_CAPTURE_AUTORELEASING = YES;
				CLANG_WARN_BOOL_CONVERSION = YES;
				CLANG_WARN_COMMA = YES;
				CLANG_WARN_CONSTANT_CONVERSION = YES;
				CLANG_WARN_DIRECT_OBJC_ISA_USAGE = YES_ERROR;
				CLANG_WARN_DOCUMENTATION_COMMENTS = YES;
				CLANG_WARN_EMPTY_BODY = YES;
				CLANG_WARN_ENUM_CONVERSION = YES;
				CLANG_WARN_INFINITE_RECURSION = YES;
				CLANG_WARN_INT_CONVERSION = YES;
				CLANG_WARN_NON_LITERAL_NULL_CONVERSION = YES;
				CLANG_WARN_OBJC_LITERAL_CONVERSION = YES;
				CLANG_WARN_OBJC_ROOT_CLASS = YES_ERROR;
				CLANG_WARN_RANGE_LOOP_ANALYSIS = YES;
				CLANG_WARN_STRICT_PROTOTYPES = YES;
				CLANG_WARN_SUSPICIOUS_MOVE = YES;
				CLANG_WARN_UNGUARDED_AVAILABILITY = YES_AGGRESSIVE;
				CLANG_WARN_UNREACHABLE_CODE = YES;
				CLANG_WARN__DUPLICATE_METHOD_MATCH = YES;
				CODE_SIGN_IDENTITY = "iPhone Developer";
				COPY_PHASE_STRIP = NO;
				DEBUG_INFORMATION_FORMAT = "dwarf-with-dsym";
				ENABLE_NS_ASSERTIONS = NO;
				ENABLE_STRICT_OBJC_MSGSEND = YES;
				GCC_C_LANGUAGE_STANDARD = gnu11;
				GCC_NO_COMMON_BLOCKS = YES;
				GCC_WARN_64_TO_32_BIT_CONVERSION = YES;
				GCC_WARN_ABOUT_RETURN_TYPE = YES_ERROR;
				GCC_WARN_UNDECLARED_SELECTOR = YES;
				GCC_WARN_UNINITIALIZED_AUTOS = YES_AGGRESSIVE;
				GCC_WARN_UNUSED_FUNCTION = YES;
				GCC_WARN_UNUSED_VARIABLE = YES;
				IPHONEOS_DEPLOYMENT_TARGET = 10.0;
				MTL_ENABLE_DEBUG_INFO = NO;
				SDKROOT = iphoneos;
				VALIDATE_PRODUCT = YES;
			};
			name = Release;
		};
		F3C7C1EB1FE0D10F0018CE70 /* Debug */ = {
			isa = XCBuildConfiguration;
			baseConfigurationReference = 5E28677F4C76197B7A1C936C /* Pods-MLSExcelViewDemo.debug.xcconfig */;
			buildSettings = {
				ASSETCATALOG_COMPILER_APPICON_NAME = AppIcon;
				CODE_SIGN_STYLE = Manual;
				DEVELOPMENT_TEAM = 694YU37J6Y;
				INFOPLIST_FILE = MLSExcelViewDemo/Info.plist;
				LD_RUNPATH_SEARCH_PATHS = "$(inherited) @executable_path/Frameworks";
				PRODUCT_BUNDLE_IDENTIFIER = cn.yizmh.MLSExcelViewDemo;
				PRODUCT_NAME = "$(TARGET_NAME)";
				PROVISIONING_PROFILE = "28c1c199-d9c2-4592-9dac-00b3b04c941b";
				PROVISIONING_PROFILE_SPECIFIER = ChengzivrWildcard;
				TARGETED_DEVICE_FAMILY = "1,2";
			};
			name = Debug;
		};
		F3C7C1EC1FE0D10F0018CE70 /* Release */ = {
			isa = XCBuildConfiguration;
			baseConfigurationReference = E926815D8EC8F808BB468ED9 /* Pods-MLSExcelViewDemo.release.xcconfig */;
			buildSettings = {
				ASSETCATALOG_COMPILER_APPICON_NAME = AppIcon;
				CODE_SIGN_STYLE = Manual;
				DEVELOPMENT_TEAM = "";
				INFOPLIST_FILE = MLSExcelViewDemo/Info.plist;
				LD_RUNPATH_SEARCH_PATHS = "$(inherited) @executable_path/Frameworks";
				PRODUCT_BUNDLE_IDENTIFIER = cn.yizmh.MLSExcelViewDemo;
				PRODUCT_NAME = "$(TARGET_NAME)";
				PROVISIONING_PROFILE_SPECIFIER = "";
				TARGETED_DEVICE_FAMILY = "1,2";
			};
			name = Release;
		};
/* End XCBuildConfiguration section */

/* Begin XCConfigurationList section */
		F3C7C1CF1FE0D10E0018CE70 /* Build configuration list for PBXProject "MLSExcelViewDemo" */ = {
			isa = XCConfigurationList;
			buildConfigurations = (
				F3C7C1E81FE0D10F0018CE70 /* Debug */,
				F3C7C1E91FE0D10F0018CE70 /* Release */,
			);
			defaultConfigurationIsVisible = 0;
			defaultConfigurationName = Release;
		};
		F3C7C1EA1FE0D10F0018CE70 /* Build configuration list for PBXNativeTarget "MLSExcelViewDemo" */ = {
			isa = XCConfigurationList;
			buildConfigurations = (
				F3C7C1EB1FE0D10F0018CE70 /* Debug */,
				F3C7C1EC1FE0D10F0018CE70 /* Release */,
			);
			defaultConfigurationIsVisible = 0;
			defaultConfigurationName = Release;
		};
/* End XCConfigurationList section */
	};
	rootObject = F3C7C1CC1FE0D10E0018CE70 /* Project object */;
}
